{
  "name": "@danecando/lanx",
  "version": "0.1.4",
  "lockfileVersion": 3,
  "requires": true,
  "packages": {
    "": {
      "name": "@danecando/lanx",
      "version": "0.1.4",
      "license": "ISC",
      "os": [
        "darwin"
      ],
      "bin": {
        "lanx": "bin/lanx.js"
      }
    }
  }
}
